
Microsoft Visual Studio Solution File, Format Version 12.00
# Visual Studio Version 17
VisualStudioVersion = 17.7.34031.279
MinimumVisualStudioVersion = 10.0.40219.1
Project("{FAE04EC0-301F-11D3-BF4B-00C04F79EFBC}") = "Bai1", "decuong\Bai1.csproj", "{434834D8-FAE8-4626-8CF2-C89C133895F1}"
EndProject
Project("{FAE04EC0-301F-11D3-BF4B-00C04F79EFBC}") = "Bai2.1", "Bai2.1\Bai2.1.csproj", "{0BDB8ECE-AAF1-4E3C-BD27-371DD00C2909}"
EndProject
Project("{FAE04EC0-301F-11D3-BF4B-00C04F79EFBC}") = "Bai3", "Bai3\Bai3.csproj", "{B8C45041-EAB3-4A5D-86D8-C0E7FDDD42D2}"
EndProject
Project("{FAE04EC0-301F-11D3-BF4B-00C04F79EFBC}") = "Bai4", "Bai4\Bai4.csproj", "{8D4575D5-99A5-4345-9ADB-10C3C80E714A}"
EndProject
Project("{FAE04EC0-301F-11D3-BF4B-00C04F79EFBC}") = "Bai5", "Bai5\Bai5.csproj", "{D288AC96-FF23-4AF4-91F1-B0048A660518}"
EndProject
Project("{FAE04EC0-301F-11D3-BF4B-00C04F79EFBC}") = "Bai6", "Bai6\Bai6.csproj", "{1AEA6980-2353-46DF-B490-26B32CB2776C}"
EndProject
Project("{FAE04EC0-301F-11D3-BF4B-00C04F79EFBC}") = "Bai7", "Bai7\Bai7.csproj", "{2C5173B6-1A4F-43CF-8A6F-911E1FA62387}"
EndProject
Project("{FAE04EC0-301F-11D3-BF4B-00C04F79EFBC}") = "Bai8", "Bai8\Bai8.csproj", "{EEED8882-0278-42BD-9BFF-7308D89C1300}"
EndProject
Project("{FAE04EC0-301F-11D3-BF4B-00C04F79EFBC}") = "Bai9", "Bai9\Bai9.csproj", "{B143A072-17B2-4A3E-9EB4-35A080088E66}"
EndProject
Project("{FAE04EC0-301F-11D3-BF4B-00C04F79EFBC}") = "Bai10", "Bai10\Bai10.csproj", "{3319C8A4-ABE4-4B19-B3F7-11DAC90E1560}"
EndProject
Project("{FAE04EC0-301F-11D3-BF4B-00C04F79EFBC}") = "Bai11", "Bai11\Bai11.csproj", "{55CF1BAF-F9B0-4832-BD5D-C4786F432596}"
EndProject
Project("{FAE04EC0-301F-11D3-BF4B-00C04F79EFBC}") = "Bai12", "Bai12\Bai12.csproj", "{E10609C9-8D96-4F12-80F7-F87407EB447A}"
EndProject
Project("{FAE04EC0-301F-11D3-BF4B-00C04F79EFBC}") = "Bai13", "Bai13\Bai13.csproj", "{60C3FFDC-4074-4CA7-A43C-4B3907E3C87D}"
EndProject
Project("{FAE04EC0-301F-11D3-BF4B-00C04F79EFBC}") = "Bai14", "Bai14\Bai14.csproj", "{6246300D-A462-4405-B20D-9A166CC02905}"
EndProject
Project("{FAE04EC0-301F-11D3-BF4B-00C04F79EFBC}") = "Bai15", "Bai15\Bai15.csproj", "{63299C41-5C50-4E20-A212-14D09EF05C3F}"
EndProject
Project("{FAE04EC0-301F-11D3-BF4B-00C04F79EFBC}") = "Bai16", "Bai16\Bai16.csproj", "{646A8A42-512A-46BD-97E3-873C9F55D55D}"
EndProject
Project("{FAE04EC0-301F-11D3-BF4B-00C04F79EFBC}") = "bai17", "bai17\bai17.csproj", "{34A62395-A093-44E4-9C0A-55C3D8A78ACD}"
EndProject
Project("{FAE04EC0-301F-11D3-BF4B-00C04F79EFBC}") = "Bai18", "Bai18\Bai18.csproj", "{1E42CAE7-8863-45DF-9573-50BA694D600B}"
EndProject
Project("{FAE04EC0-301F-11D3-BF4B-00C04F79EFBC}") = "Bai19", "Bai19\Bai19.csproj", "{50C030C7-5953-4519-8A71-41EADFE5A8D4}"
EndProject
Project("{FAE04EC0-301F-11D3-BF4B-00C04F79EFBC}") = "Bai20", "Bai20\Bai20.csproj", "{984432A1-9379-4306-B136-168D815607BA}"
EndProject
Project("{FAE04EC0-301F-11D3-BF4B-00C04F79EFBC}") = "Bai21", "Bai21\Bai21.csproj", "{D0870BCD-9DAE-46A0-9D12-42ADC47FEB66}"
EndProject
Project("{FAE04EC0-301F-11D3-BF4B-00C04F79EFBC}") = "Bai22", "Bai22\Bai22.csproj", "{C7624DF5-BA6A-49E2-BA3A-1E81F12DE67F}"
EndProject
Project("{FAE04EC0-301F-11D3-BF4B-00C04F79EFBC}") = "bai23", "bai23\bai23.csproj", "{094A1C5A-0F06-4EFD-A79F-4E8A6092AD21}"
EndProject
Project("{FAE04EC0-301F-11D3-BF4B-00C04F79EFBC}") = "Bai24", "Bai24\Bai24.csproj", "{EFC7BD99-0B8E-4193-83B1-37DF64B2F68B}"
EndProject
Project("{FAE04EC0-301F-11D3-BF4B-00C04F79EFBC}") = "Bai25", "Bai25\Bai25.csproj", "{7CF39474-8C6A-4D2B-BA7F-489314683B30}"
EndProject
Project("{FAE04EC0-301F-11D3-BF4B-00C04F79EFBC}") = "Bai26", "..\..\c#\MyFristNetfrom\Bai5\Bai26.csproj", "{7DC9B5B1-AA01-4588-9F3C-8DC27EF524AD}"
EndProject
Project("{FAE04EC0-301F-11D3-BF4B-00C04F79EFBC}") = "Bai27", "Bai27\Bai27.csproj", "{8C1098C8-ABB2-4902-A254-41AD02445C3E}"
EndProject
Project("{FAE04EC0-301F-11D3-BF4B-00C04F79EFBC}") = "Bai28", "Bai28\Bai28.csproj", "{F383417C-F1D1-4835-8BD2-B1C7A808E8C9}"
EndProject
Global
	GlobalSection(SolutionConfigurationPlatforms) = preSolution
		Debug|Any CPU = Debug|Any CPU
		Release|Any CPU = Release|Any CPU
	EndGlobalSection
	GlobalSection(ProjectConfigurationPlatforms) = postSolution
		{434834D8-FAE8-4626-8CF2-C89C133895F1}.Debug|Any CPU.ActiveCfg = Debug|Any CPU
		{434834D8-FAE8-4626-8CF2-C89C133895F1}.Debug|Any CPU.Build.0 = Debug|Any CPU
		{434834D8-FAE8-4626-8CF2-C89C133895F1}.Release|Any CPU.ActiveCfg = Release|Any CPU
		{434834D8-FAE8-4626-8CF2-C89C133895F1}.Release|Any CPU.Build.0 = Release|Any CPU
		{0BDB8ECE-AAF1-4E3C-BD27-371DD00C2909}.Debug|Any CPU.ActiveCfg = Debug|Any CPU
		{0BDB8ECE-AAF1-4E3C-BD27-371DD00C2909}.Debug|Any CPU.Build.0 = Debug|Any CPU
		{0BDB8ECE-AAF1-4E3C-BD27-371DD00C2909}.Release|Any CPU.ActiveCfg = Release|Any CPU
		{0BDB8ECE-AAF1-4E3C-BD27-371DD00C2909}.Release|Any CPU.Build.0 = Release|Any CPU
		{B8C45041-EAB3-4A5D-86D8-C0E7FDDD42D2}.Debug|Any CPU.ActiveCfg = Debug|Any CPU
		{B8C45041-EAB3-4A5D-86D8-C0E7FDDD42D2}.Debug|Any CPU.Build.0 = Debug|Any CPU
		{B8C45041-EAB3-4A5D-86D8-C0E7FDDD42D2}.Release|Any CPU.ActiveCfg = Release|Any CPU
		{B8C45041-EAB3-4A5D-86D8-C0E7FDDD42D2}.Release|Any CPU.Build.0 = Release|Any CPU
		{8D4575D5-99A5-4345-9ADB-10C3C80E714A}.Debug|Any CPU.ActiveCfg = Debug|Any CPU
		{8D4575D5-99A5-4345-9ADB-10C3C80E714A}.Debug|Any CPU.Build.0 = Debug|Any CPU
		{8D4575D5-99A5-4345-9ADB-10C3C80E714A}.Release|Any CPU.ActiveCfg = Release|Any CPU
		{8D4575D5-99A5-4345-9ADB-10C3C80E714A}.Release|Any CPU.Build.0 = Release|Any CPU
		{D288AC96-FF23-4AF4-91F1-B0048A660518}.Debug|Any CPU.ActiveCfg = Debug|Any CPU
		{D288AC96-FF23-4AF4-91F1-B0048A660518}.Debug|Any CPU.Build.0 = Debug|Any CPU
		{D288AC96-FF23-4AF4-91F1-B0048A660518}.Release|Any CPU.ActiveCfg = Release|Any CPU
		{D288AC96-FF23-4AF4-91F1-B0048A660518}.Release|Any CPU.Build.0 = Release|Any CPU
		{1AEA6980-2353-46DF-B490-26B32CB2776C}.Debug|Any CPU.ActiveCfg = Debug|Any CPU
		{1AEA6980-2353-46DF-B490-26B32CB2776C}.Debug|Any CPU.Build.0 = Debug|Any CPU
		{1AEA6980-2353-46DF-B490-26B32CB2776C}.Release|Any CPU.ActiveCfg = Release|Any CPU
		{1AEA6980-2353-46DF-B490-26B32CB2776C}.Release|Any CPU.Build.0 = Release|Any CPU
		{2C5173B6-1A4F-43CF-8A6F-911E1FA62387}.Debug|Any CPU.ActiveCfg = Debug|Any CPU
		{2C5173B6-1A4F-43CF-8A6F-911E1FA62387}.Debug|Any CPU.Build.0 = Debug|Any CPU
		{2C5173B6-1A4F-43CF-8A6F-911E1FA62387}.Release|Any CPU.ActiveCfg = Release|Any CPU
		{2C5173B6-1A4F-43CF-8A6F-911E1FA62387}.Release|Any CPU.Build.0 = Release|Any CPU
		{EEED8882-0278-42BD-9BFF-7308D89C1300}.Debug|Any CPU.ActiveCfg = Debug|Any CPU
		{EEED8882-0278-42BD-9BFF-7308D89C1300}.Debug|Any CPU.Build.0 = Debug|Any CPU
		{EEED8882-0278-42BD-9BFF-7308D89C1300}.Release|Any CPU.ActiveCfg = Release|Any CPU
		{EEED8882-0278-42BD-9BFF-7308D89C1300}.Release|Any CPU.Build.0 = Release|Any CPU
		{B143A072-17B2-4A3E-9EB4-35A080088E66}.Debug|Any CPU.ActiveCfg = Debug|Any CPU
		{B143A072-17B2-4A3E-9EB4-35A080088E66}.Debug|Any CPU.Build.0 = Debug|Any CPU
		{B143A072-17B2-4A3E-9EB4-35A080088E66}.Release|Any CPU.ActiveCfg = Release|Any CPU
		{B143A072-17B2-4A3E-9EB4-35A080088E66}.Release|Any CPU.Build.0 = Release|Any CPU
		{3319C8A4-ABE4-4B19-B3F7-11DAC90E1560}.Debug|Any CPU.ActiveCfg = Debug|Any CPU
		{3319C8A4-ABE4-4B19-B3F7-11DAC90E1560}.Debug|Any CPU.Build.0 = Debug|Any CPU
		{3319C8A4-ABE4-4B19-B3F7-11DAC90E1560}.Release|Any CPU.ActiveCfg = Release|Any CPU
		{3319C8A4-ABE4-4B19-B3F7-11DAC90E1560}.Release|Any CPU.Build.0 = Release|Any CPU
		{55CF1BAF-F9B0-4832-BD5D-C4786F432596}.Debug|Any CPU.ActiveCfg = Debug|Any CPU
		{55CF1BAF-F9B0-4832-BD5D-C4786F432596}.Debug|Any CPU.Build.0 = Debug|Any CPU
		{55CF1BAF-F9B0-4832-BD5D-C4786F432596}.Release|Any CPU.ActiveCfg = Release|Any CPU
		{55CF1BAF-F9B0-4832-BD5D-C4786F432596}.Release|Any CPU.Build.0 = Release|Any CPU
		{E10609C9-8D96-4F12-80F7-F87407EB447A}.Debug|Any CPU.ActiveCfg = Debug|Any CPU
		{E10609C9-8D96-4F12-80F7-F87407EB447A}.Debug|Any CPU.Build.0 = Debug|Any CPU
		{E10609C9-8D96-4F12-80F7-F87407EB447A}.Release|Any CPU.ActiveCfg = Release|Any CPU
		{E10609C9-8D96-4F12-80F7-F87407EB447A}.Release|Any CPU.Build.0 = Release|Any CPU
		{60C3FFDC-4074-4CA7-A43C-4B3907E3C87D}.Debug|Any CPU.ActiveCfg = Debug|Any CPU
		{60C3FFDC-4074-4CA7-A43C-4B3907E3C87D}.Debug|Any CPU.Build.0 = Debug|Any CPU
		{60C3FFDC-4074-4CA7-A43C-4B3907E3C87D}.Release|Any CPU.ActiveCfg = Release|Any CPU
		{60C3FFDC-4074-4CA7-A43C-4B3907E3C87D}.Release|Any CPU.Build.0 = Release|Any CPU
		{6246300D-A462-4405-B20D-9A166CC02905}.Debug|Any CPU.ActiveCfg = Debug|Any CPU
		{6246300D-A462-4405-B20D-9A166CC02905}.Debug|Any CPU.Build.0 = Debug|Any CPU
		{6246300D-A462-4405-B20D-9A166CC02905}.Release|Any CPU.ActiveCfg = Release|Any CPU
		{6246300D-A462-4405-B20D-9A166CC02905}.Release|Any CPU.Build.0 = Release|Any CPU
		{63299C41-5C50-4E20-A212-14D09EF05C3F}.Debug|Any CPU.ActiveCfg = Debug|Any CPU
		{63299C41-5C50-4E20-A212-14D09EF05C3F}.Debug|Any CPU.Build.0 = Debug|Any CPU
		{63299C41-5C50-4E20-A212-14D09EF05C3F}.Release|Any CPU.ActiveCfg = Release|Any CPU
		{63299C41-5C50-4E20-A212-14D09EF05C3F}.Release|Any CPU.Build.0 = Release|Any CPU
		{646A8A42-512A-46BD-97E3-873C9F55D55D}.Debug|Any CPU.ActiveCfg = Debug|Any CPU
		{646A8A42-512A-46BD-97E3-873C9F55D55D}.Debug|Any CPU.Build.0 = Debug|Any CPU
		{646A8A42-512A-46BD-97E3-873C9F55D55D}.Release|Any CPU.ActiveCfg = Release|Any CPU
		{646A8A42-512A-46BD-97E3-873C9F55D55D}.Release|Any CPU.Build.0 = Release|Any CPU
		{34A62395-A093-44E4-9C0A-55C3D8A78ACD}.Debug|Any CPU.ActiveCfg = Debug|Any CPU
		{34A62395-A093-44E4-9C0A-55C3D8A78ACD}.Debug|Any CPU.Build.0 = Debug|Any CPU
		{34A62395-A093-44E4-9C0A-55C3D8A78ACD}.Release|Any CPU.ActiveCfg = Release|Any CPU
		{34A62395-A093-44E4-9C0A-55C3D8A78ACD}.Release|Any CPU.Build.0 = Release|Any CPU
		{1E42CAE7-8863-45DF-9573-50BA694D600B}.Debug|Any CPU.ActiveCfg = Debug|Any CPU
		{1E42CAE7-8863-45DF-9573-50BA694D600B}.Debug|Any CPU.Build.0 = Debug|Any CPU
		{1E42CAE7-8863-45DF-9573-50BA694D600B}.Release|Any CPU.ActiveCfg = Release|Any CPU
		{1E42CAE7-8863-45DF-9573-50BA694D600B}.Release|Any CPU.Build.0 = Release|Any CPU
		{50C030C7-5953-4519-8A71-41EADFE5A8D4}.Debug|Any CPU.ActiveCfg = Debug|Any CPU
		{50C030C7-5953-4519-8A71-41EADFE5A8D4}.Debug|Any CPU.Build.0 = Debug|Any CPU
		{50C030C7-5953-4519-8A71-41EADFE5A8D4}.Release|Any CPU.ActiveCfg = Release|Any CPU
		{50C030C7-5953-4519-8A71-41EADFE5A8D4}.Release|Any CPU.Build.0 = Release|Any CPU
		{984432A1-9379-4306-B136-168D815607BA}.Debug|Any CPU.ActiveCfg = Debug|Any CPU
		{984432A1-9379-4306-B136-168D815607BA}.Debug|Any CPU.Build.0 = Debug|Any CPU
		{984432A1-9379-4306-B136-168D815607BA}.Release|Any CPU.ActiveCfg = Release|Any CPU
		{984432A1-9379-4306-B136-168D815607BA}.Release|Any CPU.Build.0 = Release|Any CPU
		{D0870BCD-9DAE-46A0-9D12-42ADC47FEB66}.Debug|Any CPU.ActiveCfg = Debug|Any CPU
		{D0870BCD-9DAE-46A0-9D12-42ADC47FEB66}.Debug|Any CPU.Build.0 = Debug|Any CPU
		{D0870BCD-9DAE-46A0-9D12-42ADC47FEB66}.Release|Any CPU.ActiveCfg = Release|Any CPU
		{D0870BCD-9DAE-46A0-9D12-42ADC47FEB66}.Release|Any CPU.Build.0 = Release|Any CPU
		{C7624DF5-BA6A-49E2-BA3A-1E81F12DE67F}.Debug|Any CPU.ActiveCfg = Debug|Any CPU
		{C7624DF5-BA6A-49E2-BA3A-1E81F12DE67F}.Debug|Any CPU.Build.0 = Debug|Any CPU
		{C7624DF5-BA6A-49E2-BA3A-1E81F12DE67F}.Release|Any CPU.ActiveCfg = Release|Any CPU
		{C7624DF5-BA6A-49E2-BA3A-1E81F12DE67F}.Release|Any CPU.Build.0 = Release|Any CPU
		{094A1C5A-0F06-4EFD-A79F-4E8A6092AD21}.Debug|Any CPU.ActiveCfg = Debug|Any CPU
		{094A1C5A-0F06-4EFD-A79F-4E8A6092AD21}.Debug|Any CPU.Build.0 = Debug|Any CPU
		{094A1C5A-0F06-4EFD-A79F-4E8A6092AD21}.Release|Any CPU.ActiveCfg = Release|Any CPU
		{094A1C5A-0F06-4EFD-A79F-4E8A6092AD21}.Release|Any CPU.Build.0 = Release|Any CPU
		{EFC7BD99-0B8E-4193-83B1-37DF64B2F68B}.Debug|Any CPU.ActiveCfg = Debug|Any CPU
		{EFC7BD99-0B8E-4193-83B1-37DF64B2F68B}.Debug|Any CPU.Build.0 = Debug|Any CPU
		{EFC7BD99-0B8E-4193-83B1-37DF64B2F68B}.Release|Any CPU.ActiveCfg = Release|Any CPU
		{EFC7BD99-0B8E-4193-83B1-37DF64B2F68B}.Release|Any CPU.Build.0 = Release|Any CPU
		{7CF39474-8C6A-4D2B-BA7F-489314683B30}.Debug|Any CPU.ActiveCfg = Debug|Any CPU
		{7CF39474-8C6A-4D2B-BA7F-489314683B30}.Debug|Any CPU.Build.0 = Debug|Any CPU
		{7CF39474-8C6A-4D2B-BA7F-489314683B30}.Release|Any CPU.ActiveCfg = Release|Any CPU
		{7CF39474-8C6A-4D2B-BA7F-489314683B30}.Release|Any CPU.Build.0 = Release|Any CPU
		{7DC9B5B1-AA01-4588-9F3C-8DC27EF524AD}.Debug|Any CPU.ActiveCfg = Debug|Any CPU
		{7DC9B5B1-AA01-4588-9F3C-8DC27EF524AD}.Debug|Any CPU.Build.0 = Debug|Any CPU
		{7DC9B5B1-AA01-4588-9F3C-8DC27EF524AD}.Release|Any CPU.ActiveCfg = Release|Any CPU
		{7DC9B5B1-AA01-4588-9F3C-8DC27EF524AD}.Release|Any CPU.Build.0 = Release|Any CPU
		{8C1098C8-ABB2-4902-A254-41AD02445C3E}.Debug|Any CPU.ActiveCfg = Debug|Any CPU
		{8C1098C8-ABB2-4902-A254-41AD02445C3E}.Debug|Any CPU.Build.0 = Debug|Any CPU
		{8C1098C8-ABB2-4902-A254-41AD02445C3E}.Release|Any CPU.ActiveCfg = Release|Any CPU
		{8C1098C8-ABB2-4902-A254-41AD02445C3E}.Release|Any CPU.Build.0 = Release|Any CPU
		{F383417C-F1D1-4835-8BD2-B1C7A808E8C9}.Debug|Any CPU.ActiveCfg = Debug|Any CPU
		{F383417C-F1D1-4835-8BD2-B1C7A808E8C9}.Debug|Any CPU.Build.0 = Debug|Any CPU
		{F383417C-F1D1-4835-8BD2-B1C7A808E8C9}.Release|Any CPU.ActiveCfg = Release|Any CPU
		{F383417C-F1D1-4835-8BD2-B1C7A808E8C9}.Release|Any CPU.Build.0 = Release|Any CPU
	EndGlobalSection
	GlobalSection(SolutionProperties) = preSolution
		HideSolutionNode = FALSE
	EndGlobalSection
	GlobalSection(ExtensibilityGlobals) = postSolution
		SolutionGuid = {1F887CB2-C92B-46E8-BD91-75742D082028}
	EndGlobalSection
EndGlobal
